
Microsoft Visual Studio Solution File, Format Version 12.00
Project("{FAE04EC0-301F-11D3-BF4B-00C04F79EFBC}") = "Laerdal.Dfu", "Laerdal.Dfu\Laerdal.Dfu.csproj", "{0A938850-09F9-44A5-825F-84C932074A29}"
EndProject
Project("{2150E333-8FDC-42A3-9474-1A3956D46DE8}") = "_Misc", "_Misc", "{37EBD209-B465-4483-B6A9-46EAC9FE20EF}"
	ProjectSection(SolutionItems) = preProject
		README.md = README.md
		LICENSE = LICENSE
		Laerdal.Scripts\Laerdal.Version.sh = Laerdal.Scripts\Laerdal.Version.sh
		Laerdal.Scripts\Laerdal.Builder.targets = Laerdal.Scripts\Laerdal.Builder.targets
		Laerdal.Scripts\Laerdal.Changelog.sh = Laerdal.Scripts\Laerdal.Changelog.sh
		Laerdal.Scripts\Laerdal.CreateNewReleaseInGithub.sh = Laerdal.Scripts\Laerdal.CreateNewReleaseInGithub.sh
		Laerdal.Scripts\Laerdal.SetupBuildEnvironment.sh = Laerdal.Scripts\Laerdal.SetupBuildEnvironment.sh
		.github\workflows\github-actions.yml = .github\workflows\github-actions.yml
	EndProjectSection
EndProject
Global
	GlobalSection(SolutionConfigurationPlatforms) = preSolution
		Debug|Any CPU = Debug|Any CPU
		Release|Any CPU = Release|Any CPU
	EndGlobalSection
	GlobalSection(ProjectConfigurationPlatforms) = postSolution
		{0A938850-09F9-44A5-825F-84C932074A29}.Debug|Any CPU.ActiveCfg = Debug|Any CPU
		{0A938850-09F9-44A5-825F-84C932074A29}.Debug|Any CPU.Build.0 = Debug|Any CPU
		{0A938850-09F9-44A5-825F-84C932074A29}.Release|Any CPU.ActiveCfg = Release|Any CPU
		{0A938850-09F9-44A5-825F-84C932074A29}.Release|Any CPU.Build.0 = Release|Any CPU
	EndGlobalSection
EndGlobal
