
Microsoft Visual Studio Solution File, Format Version 12.00
# Visual Studio Version 16
VisualStudioVersion = 25.0.1700.7
MinimumVisualStudioVersion = 10.0.40219.1
Project("{FAE04EC0-301F-11D3-BF4B-00C04F79EFBC}") = "Laerdal.Dfu", "Laerdal.Dfu.csproj", "{82586DE0-A76E-4902-8245-74F8E460F8B0}"
EndProject
Global
	GlobalSection(SolutionConfigurationPlatforms) = preSolution
		Debug|Any CPU = Debug|Any CPU
		Release|Any CPU = Release|Any CPU
	EndGlobalSection
	GlobalSection(ProjectConfigurationPlatforms) = postSolution
		{82586DE0-A76E-4902-8245-74F8E460F8B0}.Debug|Any CPU.ActiveCfg = Debug|Any CPU
		{82586DE0-A76E-4902-8245-74F8E460F8B0}.Debug|Any CPU.Build.0 = Debug|Any CPU
		{82586DE0-A76E-4902-8245-74F8E460F8B0}.Release|Any CPU.ActiveCfg = Release|Any CPU
		{82586DE0-A76E-4902-8245-74F8E460F8B0}.Release|Any CPU.Build.0 = Release|Any CPU
	EndGlobalSection
	GlobalSection(SolutionProperties) = preSolution
		HideSolutionNode = FALSE
	EndGlobalSection
	GlobalSection(ExtensibilityGlobals) = postSolution
		SolutionGuid = {5AB759CF-DFF3-479D-A8F5-AE35156169B3}
	EndGlobalSection
EndGlobal
